
Microsoft Visual Studio Solution File, Format Version 12.00
# Visual Studio Version 17
VisualStudioVersion = 17.10.34916.146
MinimumVisualStudioVersion = 10.0.40219.1
Project("{9A19103F-16F7-4668-BE54-9A1E7A4F7556}") = "BarBuddy_API", "BarBuddy_API\BarBuddy_API.csproj", "{51A5A4F4-20F1-4358-8D6F-84869CD130FF}"
EndProject
Project("{9A19103F-16F7-4668-BE54-9A1E7A4F7556}") = "Application", "Application\Application.csproj", "{5AA6663F-EF86-45D7-87F7-9939A9E41426}"
EndProject
Project("{9A19103F-16F7-4668-BE54-9A1E7A4F7556}") = "Domain", "Domain\Domain.csproj", "{D4D0D5F5-1A51-4F37-A54D-E77783CCE6DF}"
EndProject
Project("{9A19103F-16F7-4668-BE54-9A1E7A4F7556}") = "Infrastructure", "Infrastructure\Infrastructure.csproj", "{45FB1F6D-4011-4D1A-B9B9-0926D4832D27}"
EndProject
Project("{9A19103F-16F7-4668-BE54-9A1E7A4F7556}") = "Persistence", "Persistence\Persistence.csproj", "{CAEE5555-DCDB-4B90-B02C-99880D893CA2}"
EndProject
Project("{FAE04EC0-301F-11D3-BF4B-00C04F79EFBC}") = "UnitTests", "UnitTests\UnitTests.csproj", "{185ADCF6-9256-4B5A-9F8B-E4664CF9C5CE}"
EndProject
Global
	GlobalSection(SolutionConfigurationPlatforms) = preSolution
		Debug|Any CPU = Debug|Any CPU
		Release|Any CPU = Release|Any CPU
	EndGlobalSection
	GlobalSection(ProjectConfigurationPlatforms) = postSolution
		{51A5A4F4-20F1-4358-8D6F-84869CD130FF}.Debug|Any CPU.ActiveCfg = Debug|Any CPU
		{51A5A4F4-20F1-4358-8D6F-84869CD130FF}.Debug|Any CPU.Build.0 = Debug|Any CPU
		{51A5A4F4-20F1-4358-8D6F-84869CD130FF}.Release|Any CPU.ActiveCfg = Release|Any CPU
		{51A5A4F4-20F1-4358-8D6F-84869CD130FF}.Release|Any CPU.Build.0 = Release|Any CPU
		{5AA6663F-EF86-45D7-87F7-9939A9E41426}.Debug|Any CPU.ActiveCfg = Debug|Any CPU
		{5AA6663F-EF86-45D7-87F7-9939A9E41426}.Debug|Any CPU.Build.0 = Debug|Any CPU
		{5AA6663F-EF86-45D7-87F7-9939A9E41426}.Release|Any CPU.ActiveCfg = Release|Any CPU
		{5AA6663F-EF86-45D7-87F7-9939A9E41426}.Release|Any CPU.Build.0 = Release|Any CPU
		{D4D0D5F5-1A51-4F37-A54D-E77783CCE6DF}.Debug|Any CPU.ActiveCfg = Debug|Any CPU
		{D4D0D5F5-1A51-4F37-A54D-E77783CCE6DF}.Debug|Any CPU.Build.0 = Debug|Any CPU
		{D4D0D5F5-1A51-4F37-A54D-E77783CCE6DF}.Release|Any CPU.ActiveCfg = Release|Any CPU
		{D4D0D5F5-1A51-4F37-A54D-E77783CCE6DF}.Release|Any CPU.Build.0 = Release|Any CPU
		{45FB1F6D-4011-4D1A-B9B9-0926D4832D27}.Debug|Any CPU.ActiveCfg = Debug|Any CPU
		{45FB1F6D-4011-4D1A-B9B9-0926D4832D27}.Debug|Any CPU.Build.0 = Debug|Any CPU
		{45FB1F6D-4011-4D1A-B9B9-0926D4832D27}.Release|Any CPU.ActiveCfg = Release|Any CPU
		{45FB1F6D-4011-4D1A-B9B9-0926D4832D27}.Release|Any CPU.Build.0 = Release|Any CPU
		{CAEE5555-DCDB-4B90-B02C-99880D893CA2}.Debug|Any CPU.ActiveCfg = Debug|Any CPU
		{CAEE5555-DCDB-4B90-B02C-99880D893CA2}.Debug|Any CPU.Build.0 = Debug|Any CPU
		{CAEE5555-DCDB-4B90-B02C-99880D893CA2}.Release|Any CPU.ActiveCfg = Release|Any CPU
		{CAEE5555-DCDB-4B90-B02C-99880D893CA2}.Release|Any CPU.Build.0 = Release|Any CPU
		{185ADCF6-9256-4B5A-9F8B-E4664CF9C5CE}.Debug|Any CPU.ActiveCfg = Debug|Any CPU
		{185ADCF6-9256-4B5A-9F8B-E4664CF9C5CE}.Debug|Any CPU.Build.0 = Debug|Any CPU
		{185ADCF6-9256-4B5A-9F8B-E4664CF9C5CE}.Release|Any CPU.ActiveCfg = Release|Any CPU
		{185ADCF6-9256-4B5A-9F8B-E4664CF9C5CE}.Release|Any CPU.Build.0 = Release|Any CPU
	EndGlobalSection
	GlobalSection(SolutionProperties) = preSolution
		HideSolutionNode = FALSE
	EndGlobalSection
	GlobalSection(ExtensibilityGlobals) = postSolution
		SolutionGuid = {595AE24E-1791-4068-863E-A27D3A87AB3E}
	EndGlobalSection
EndGlobal
